
Microsoft Visual Studio Solution File, Format Version 12.00
# Visual Studio 14
VisualStudioVersion = 14.0.24720.0
MinimumVisualStudioVersion = 10.0.40219.1
Project("{E24C65DC-7377-472B-9ABA-BC803B73C61A}") = "MyAwesomeWebsite", "..\..\WebSites\WebSite4\MyAwesomeWebsite\", "{104CC5CC-2F22-4FD8-9F60-4CD81288C956}"
	ProjectSection(WebsiteProperties) = preProject
		TargetFrameworkMoniker = ".NETFramework,Version%3Dv4.5.2"
		Debug.AspNetCompiler.VirtualPath = "/localhost_49924"
		Debug.AspNetCompiler.PhysicalPath = "..\..\WebSites\WebSite4\MyAwesomeWebsite\"
		Debug.AspNetCompiler.TargetPath = "PrecompiledWeb\localhost_49924\"
		Debug.AspNetCompiler.Updateable = "true"
		Debug.AspNetCompiler.ForceOverwrite = "true"
		Debug.AspNetCompiler.FixedNames = "false"
		Debug.AspNetCompiler.Debug = "True"
		Release.AspNetCompiler.VirtualPath = "/localhost_49924"
		Release.AspNetCompiler.PhysicalPath = "..\..\WebSites\WebSite4\MyAwesomeWebsite\"
		Release.AspNetCompiler.TargetPath = "PrecompiledWeb\localhost_49924\"
		Release.AspNetCompiler.Updateable = "true"
		Release.AspNetCompiler.ForceOverwrite = "true"
		Release.AspNetCompiler.FixedNames = "false"
		Release.AspNetCompiler.Debug = "False"
		VWDPort = "49924"
		SlnRelativePath = "..\..\WebSites\WebSite4\MyAwesomeWebsite\"
		DefaultWebSiteLanguage = "Visual C#"
	EndProjectSection
EndProject
Global
	GlobalSection(SolutionConfigurationPlatforms) = preSolution
		Debug|Any CPU = Debug|Any CPU
	EndGlobalSection
	GlobalSection(ProjectConfigurationPlatforms) = postSolution
		{104CC5CC-2F22-4FD8-9F60-4CD81288C956}.Debug|Any CPU.ActiveCfg = Debug|Any CPU
		{104CC5CC-2F22-4FD8-9F60-4CD81288C956}.Debug|Any CPU.Build.0 = Debug|Any CPU
	EndGlobalSection
	GlobalSection(SolutionProperties) = preSolution
		HideSolutionNode = FALSE
	EndGlobalSection
EndGlobal
